
Microsoft Visual Studio Solution File, Format Version 12.00
# Visual Studio Version 17
VisualStudioVersion = 17.8.34511.84
MinimumVisualStudioVersion = 10.0.40219.1
Project("{9A19103F-16F7-4668-BE54-9A1E7A4F7556}") = "BlackMagicAPI", "BlackMagicAPI.csproj", "{B6B04B33-3A8D-4B52-864E-37E5D26DD5F0}"
EndProject
Global
	GlobalSection(SolutionConfigurationPlatforms) = preSolution
		Debug|Any CPU = Debug|Any CPU
		Release|Any CPU = Release|Any CPU
	EndGlobalSection
	GlobalSection(ProjectConfigurationPlatforms) = postSolution
		{B6B04B33-3A8D-4B52-864E-37E5D26DD5F0}.Debug|Any CPU.ActiveCfg = Debug|Any CPU
		{B6B04B33-3A8D-4B52-864E-37E5D26DD5F0}.Debug|Any CPU.Build.0 = Debug|Any CPU
		{B6B04B33-3A8D-4B52-864E-37E5D26DD5F0}.Release|Any CPU.ActiveCfg = Release|Any CPU
		{B6B04B33-3A8D-4B52-864E-37E5D26DD5F0}.Release|Any CPU.Build.0 = Release|Any CPU
	EndGlobalSection
	GlobalSection(SolutionProperties) = preSolution
		HideSolutionNode = FALSE
	EndGlobalSection
	GlobalSection(ExtensibilityGlobals) = postSolution
		SolutionGuid = {E7AD9864-EAAE-44CD-883D-04512A6FC315}
	EndGlobalSection
EndGlobal
